
Microsoft Visual Studio Solution File, Format Version 12.00
# Visual Studio Version 17
VisualStudioVersion = 17.11.35312.102
MinimumVisualStudioVersion = 10.0.40219.1
Project("{9A19103F-16F7-4668-BE54-9A1E7A4F7556}") = "CALCOLATORE  PIANO CARTESIANO", "CALCOLATORE  PIANO CARTESIANO\CALCOLATORE  PIANO CARTESIANO.csproj", "{7A69480D-A607-45B9-8DEA-23D4823F1C6E}"
EndProject
Global
	GlobalSection(SolutionConfigurationPlatforms) = preSolution
		Debug|Any CPU = Debug|Any CPU
		Release|Any CPU = Release|Any CPU
	EndGlobalSection
	GlobalSection(ProjectConfigurationPlatforms) = postSolution
		{7A69480D-A607-45B9-8DEA-23D4823F1C6E}.Debug|Any CPU.ActiveCfg = Debug|Any CPU
		{7A69480D-A607-45B9-8DEA-23D4823F1C6E}.Debug|Any CPU.Build.0 = Debug|Any CPU
		{7A69480D-A607-45B9-8DEA-23D4823F1C6E}.Release|Any CPU.ActiveCfg = Release|Any CPU
		{7A69480D-A607-45B9-8DEA-23D4823F1C6E}.Release|Any CPU.Build.0 = Release|Any CPU
	EndGlobalSection
	GlobalSection(SolutionProperties) = preSolution
		HideSolutionNode = FALSE
	EndGlobalSection
	GlobalSection(ExtensibilityGlobals) = postSolution
		SolutionGuid = {2A8BA512-E307-4713-95B8-57280AF68192}
	EndGlobalSection
EndGlobal
